
Microsoft Visual Studio Solution File, Format Version 12.00
# Visual Studio Version 17
VisualStudioVersion = 17.6.33829.357
MinimumVisualStudioVersion = 10.0.40219.1
Project("{FAE04EC0-301F-11D3-BF4B-00C04F79EFBC}") = "UnityEngine.UI", "UnityEngine.UI.csproj", "{FC05A442-F67D-74BB-BA57-737BD9C02D61}"
EndProject
Project("{FAE04EC0-301F-11D3-BF4B-00C04F79EFBC}") = "Assembly-CSharp", "Assembly-CSharp.csproj", "{127DB8E9-C259-9DB4-973C-48DB9CA12006}"
EndProject
Project("{FAE04EC0-301F-11D3-BF4B-00C04F79EFBC}") = "Unity.2D.Tilemap.Editor", "Unity.2D.Tilemap.Editor.csproj", "{5FEF4C91-5FC4-3809-61E9-8532312B767D}"
EndProject
Project("{FAE04EC0-301F-11D3-BF4B-00C04F79EFBC}") = "Unity.2D.Sprite.Editor", "Unity.2D.Sprite.Editor.csproj", "{FF242C05-D38F-8DB1-5EC1-0971F0DCE8DC}"
EndProject
Project("{FAE04EC0-301F-11D3-BF4B-00C04F79EFBC}") = "UnityEditor.UI", "UnityEditor.UI.csproj", "{83CF8742-A422-7D7A-4340-39AA56DD8823}"
EndProject
Project("{FAE04EC0-301F-11D3-BF4B-00C04F79EFBC}") = "UnityEngine.UI.Player", "UnityEngine.UI.Player.csproj", "{E51AA51D-4CFD-27C1-6372-EA28C8CB80E7}"
EndProject
Project("{FAE04EC0-301F-11D3-BF4B-00C04F79EFBC}") = "Assembly-CSharp.Player", "Assembly-CSharp.Player.csproj", "{D440F89A-8EDC-1A8D-6AD9-90E9EE152A73}"
EndProject
Global
	GlobalSection(SolutionConfigurationPlatforms) = preSolution
		Debug|Any CPU = Debug|Any CPU
		Release|Any CPU = Release|Any CPU
	EndGlobalSection
	GlobalSection(ProjectConfigurationPlatforms) = postSolution
		{FC05A442-F67D-74BB-BA57-737BD9C02D61}.Debug|Any CPU.ActiveCfg = Debug|Any CPU
		{FC05A442-F67D-74BB-BA57-737BD9C02D61}.Debug|Any CPU.Build.0 = Debug|Any CPU
		{FC05A442-F67D-74BB-BA57-737BD9C02D61}.Release|Any CPU.ActiveCfg = Release|Any CPU
		{FC05A442-F67D-74BB-BA57-737BD9C02D61}.Release|Any CPU.Build.0 = Release|Any CPU
		{127DB8E9-C259-9DB4-973C-48DB9CA12006}.Debug|Any CPU.ActiveCfg = Debug|Any CPU
		{127DB8E9-C259-9DB4-973C-48DB9CA12006}.Debug|Any CPU.Build.0 = Debug|Any CPU
		{127DB8E9-C259-9DB4-973C-48DB9CA12006}.Release|Any CPU.ActiveCfg = Release|Any CPU
		{127DB8E9-C259-9DB4-973C-48DB9CA12006}.Release|Any CPU.Build.0 = Release|Any CPU
		{5FEF4C91-5FC4-3809-61E9-8532312B767D}.Debug|Any CPU.ActiveCfg = Debug|Any CPU
		{5FEF4C91-5FC4-3809-61E9-8532312B767D}.Debug|Any CPU.Build.0 = Debug|Any CPU
		{5FEF4C91-5FC4-3809-61E9-8532312B767D}.Release|Any CPU.ActiveCfg = Release|Any CPU
		{5FEF4C91-5FC4-3809-61E9-8532312B767D}.Release|Any CPU.Build.0 = Release|Any CPU
		{FF242C05-D38F-8DB1-5EC1-0971F0DCE8DC}.Debug|Any CPU.ActiveCfg = Debug|Any CPU
		{FF242C05-D38F-8DB1-5EC1-0971F0DCE8DC}.Debug|Any CPU.Build.0 = Debug|Any CPU
		{FF242C05-D38F-8DB1-5EC1-0971F0DCE8DC}.Release|Any CPU.ActiveCfg = Release|Any CPU
		{FF242C05-D38F-8DB1-5EC1-0971F0DCE8DC}.Release|Any CPU.Build.0 = Release|Any CPU
		{83CF8742-A422-7D7A-4340-39AA56DD8823}.Debug|Any CPU.ActiveCfg = Debug|Any CPU
		{83CF8742-A422-7D7A-4340-39AA56DD8823}.Debug|Any CPU.Build.0 = Debug|Any CPU
		{83CF8742-A422-7D7A-4340-39AA56DD8823}.Release|Any CPU.ActiveCfg = Release|Any CPU
		{83CF8742-A422-7D7A-4340-39AA56DD8823}.Release|Any CPU.Build.0 = Release|Any CPU
		{E51AA51D-4CFD-27C1-6372-EA28C8CB80E7}.Debug|Any CPU.ActiveCfg = Debug|Any CPU
		{E51AA51D-4CFD-27C1-6372-EA28C8CB80E7}.Debug|Any CPU.Build.0 = Debug|Any CPU
		{E51AA51D-4CFD-27C1-6372-EA28C8CB80E7}.Release|Any CPU.ActiveCfg = Release|Any CPU
		{E51AA51D-4CFD-27C1-6372-EA28C8CB80E7}.Release|Any CPU.Build.0 = Release|Any CPU
		{D440F89A-8EDC-1A8D-6AD9-90E9EE152A73}.Debug|Any CPU.ActiveCfg = Debug|Any CPU
		{D440F89A-8EDC-1A8D-6AD9-90E9EE152A73}.Debug|Any CPU.Build.0 = Debug|Any CPU
		{D440F89A-8EDC-1A8D-6AD9-90E9EE152A73}.Release|Any CPU.ActiveCfg = Release|Any CPU
		{D440F89A-8EDC-1A8D-6AD9-90E9EE152A73}.Release|Any CPU.Build.0 = Release|Any CPU
	EndGlobalSection
	GlobalSection(SolutionProperties) = preSolution
		HideSolutionNode = FALSE
	EndGlobalSection
EndGlobal
